<?xml version="1.0" encoding="utf-8"?>
<Project ToolsVersion="4.0" xmlns="http://schemas.microsoft.com/developer/msbuild/2003">
  <ItemGroup>
    <ClCompile Include="CameraAxis.cpp" />
    <ClCompile Include="CameraComponent.cpp" />
    <ClCompile Include="DefaultGameComponent.cpp" />
    <ClCompile Include="Enemy.cpp" />
    <ClCompile Include="Enemy_Test.cpp" />
    <ClCompile Include="Flocking.cpp" />
    <ClCompile Include="InputManager.cpp" />
    <ClCompile Include="LogoSceneManager.cpp" />
    <ClCompile Include="main.cpp" />
    <ClCompile Include="ParticleGenerater.cpp" />
    <ClCompile Include="Player.cpp" />
    <ClCompile Include="Pocket.cpp" />
    <ClCompile Include="ShakeComponent.cpp" />
    <ClCompile Include="SphereExclusion.cpp" />
    <ClCompile Include="stdafx.cpp" />
    <ClCompile Include="Stick.cpp" />
    <ClCompile Include="Worker.cpp" />
    <ClCompile Include="WorkerSpawner.cpp" />
    <ClCompile Include="Loiter.cpp" />
  </ItemGroup>
  <ItemGroup>
    <ClInclude Include="CameraAxis.h" />
    <ClInclude Include="CameraComponent.h" />
    <ClInclude Include="Enemy.h" />
    <ClInclude Include="Enemy_Test.h" />
    <ClInclude Include="Flocking.h" />
    <ClInclude Include="InputManager.h" />
    <ClInclude Include="LogoSceneManager.h" />
    <ClInclude Include="ParticleGenerater.h" />
    <ClInclude Include="Player.h" />
    <ClInclude Include="Pocket.h" />
    <ClInclude Include="ShakeComponent.h" />
    <ClInclude Include="SphereExclusion.h" />
    <ClInclude Include="stdafx_u.h" />
    <ClInclude Include="Stick.h" />
    <ClInclude Include="Worker.h" />
    <ClInclude Include="WorkerSpawner.h" />
    <ClInclude Include="Loiter.h" />
    <ClCompile Include="main.cpp">
      <Filter>Source Files</Filter>
    </ClCompile>
    <ClCompile Include="stdafx.cpp">
      <Filter>Source Files</Filter>
    </ClCompile>
    <ClCompile Include="DefaultGameComponent.cpp">
      <Filter>Source Files</Filter>
    </ClCompile>
    <ClCompile Include="LogoSceneManager.cpp">
      <Filter>Source Files</Filter>
    </ClCompile>
    <ClCompile Include="InputManager.cpp">
      <Filter>Source Files</Filter>
    </ClCompile>
    <ClCompile Include="Player.cpp">
      <Filter>Source Files</Filter>
    </ClCompile>
    <ClCompile Include="Flocking.cpp">
      <Filter>Source Files</Filter>
    </ClCompile>
    <ClCompile Include="WorkerSpawner.cpp">
      <Filter>Source Files</Filter>
    </ClCompile>
    <ClCompile Include="Worker.cpp">
      <Filter>Source Files</Filter>
    </ClCompile>
    <ClCompile Include="CameraShakeComponent.cpp">
      <Filter>Source Files</Filter>
    </ClCompile>
    <ClCompile Include="CameraComponent.cpp">
      <Filter>Source Files</Filter>
    </ClCompile>
    <ClCompile Include="CameraAxis.cpp">
      <Filter>Source Files</Filter>
    </ClCompile>
    <ClCompile Include="Enemy.cpp">
      <Filter>Source Files</Filter>
    </ClCompile>
    <ClCompile Include="SphereExclusion.cpp">
      <Filter>Source Files</Filter>
    </ClCompile>
    <ClCompile Include="Pocket.cpp">
      <Filter>Source Files</Filter>
    </ClCompile>
    <ClCompile Include="Stick.cpp">
      <Filter>Source Files</Filter>
    </ClCompile>
    <ClCompile Include="Enemy_Test.cpp">
      <Filter>Source Files</Filter>
    </ClCompile>
    <ClCompile Include="ParticleGenerater.cpp">
      <Filter>Source Files</Filter>
    </ClCompile>
    <ClCompile Include="StageSelectManagerComponent.cpp">
      <Filter>Source Files</Filter>
    </ClCompile>
    <ClCompile Include="TitleManagerComponent.cpp">
      <Filter>Source Files</Filter>
    </ClCompile>
    <ClCompile Include="ShakeComponent.cpp">
      <Filter>Source Files</Filter>
    </ClCompile>
  </ItemGroup>
  <ItemGroup>
    <ClInclude Include="stdafx_u.h">
      <Filter>Header Files</Filter>
    </ClInclude>
    <ClInclude Include="LogoSceneManager.h">
      <Filter>Header Files</Filter>
    </ClInclude>
    <ClInclude Include="InputManager.h">
      <Filter>Header Files</Filter>
    </ClInclude>
    <ClInclude Include="Player.h">
      <Filter>Header Files</Filter>
    </ClInclude>
    <ClInclude Include="Flocking.h">
      <Filter>Header Files</Filter>
    </ClInclude>
    <ClInclude Include="WorkerSpawner.h">
      <Filter>Header Files</Filter>
    </ClInclude>
    <ClInclude Include="Worker.h">
      <Filter>Header Files</Filter>
    </ClInclude>
    <ClInclude Include="CameraShakeComponent.h">
      <Filter>Header Files</Filter>
    </ClInclude>
    <ClInclude Include="CameraComponent.h">
      <Filter>Header Files</Filter>
    </ClInclude>
    <ClInclude Include="CameraAxis.h">
      <Filter>Header Files</Filter>
    </ClInclude>
    <ClInclude Include="Enemy.h">
      <Filter>Header Files</Filter>
    </ClInclude>
    <ClInclude Include="SphereExclusion.h">
      <Filter>Header Files</Filter>
    </ClInclude>
    <ClInclude Include="Pocket.h">
      <Filter>Header Files</Filter>
    </ClInclude>
    <ClInclude Include="Stick.h">
      <Filter>Header Files</Filter>
    </ClInclude>
    <ClInclude Include="Enemy_Test.h">
      <Filter>Header Files</Filter>
    </ClInclude>
    <ClInclude Include="ParticleGenerater.h">
      <Filter>Header Files</Filter>
    </ClInclude>
    <ClInclude Include="StageSelectManagerComponent.h">
      <Filter>Header Files</Filter>
    </ClInclude>
    <ClInclude Include="TitleManagerComponent.h">
      <Filter>Header Files</Filter>
    </ClInclude>
    <ClInclude Include="ShakeComponent.h">
      <Filter>Header Files</Filter>
    </ClInclude>
  </ItemGroup>
  <ItemGroup>
    <None Include="..\output\UserSample\Debug\Resources\Application\ButiEngine.ini" />
    <None Include="ProtBuf\EngineEditorCommunicate.proto" />
  </ItemGroup>
</Project>