<?xml version="1.0" encoding="utf-8"?>
<Project ToolsVersion="4.0" xmlns="http://schemas.microsoft.com/developer/msbuild/2003">
  <ItemGroup>
    <ClCompile Include="CameraAxis.cpp" />
    <ClCompile Include="CameraComponent.cpp" />
    <ClCompile Include="DefaultGameComponent.cpp" />
    <ClCompile Include="Enemy.cpp" />
    <ClCompile Include="Enemy_Test.cpp" />
    <ClCompile Include="Flocking.cpp" />
    <ClCompile Include="InputManager.cpp" />
    <ClCompile Include="LogoSceneManager.cpp" />
    <ClCompile Include="Loiter.cpp" />
    <ClCompile Include="main.cpp" />
    <ClCompile Include="ParticleGenerater.cpp" />
    <ClCompile Include="Player.cpp" />
    <ClCompile Include="Pocket.cpp" />
    <ClCompile Include="CameraShakeComponent.cpp" />
    <ClCompile Include="ShakeComponent.cpp" />
    <ClCompile Include="SphereExclusion.cpp" />
    <ClCompile Include="StageSelectManagerComponent.cpp" />
    <ClCompile Include="stdafx.cpp" />
    <ClCompile Include="Stick.cpp" />
    <ClCompile Include="TitleManagerComponent.cpp" />
    <ClCompile Include="Worker.cpp" />
    <ClCompile Include="WorkerSpawner.cpp" />
    <ClCompile Include="MoveRestriction.cpp" />
  </ItemGroup>
  <ItemGroup>
    <ClInclude Include="CameraAxis.h" />
    <ClInclude Include="CameraComponent.h" />
    <ClInclude Include="Enemy.h" />
    <ClInclude Include="Enemy_Test.h" />
    <ClInclude Include="Flocking.h" />
    <ClInclude Include="InputManager.h" />
    <ClInclude Include="LogoSceneManager.h" />
    <ClInclude Include="Loiter.h" />
    <ClInclude Include="ParticleGenerater.h" />
    <ClInclude Include="Player.h" />
    <ClInclude Include="Pocket.h" />
    <ClInclude Include="CameraShakeComponent.h" />
    <ClInclude Include="ShakeComponent.h" />
    <ClInclude Include="SphereExclusion.h" />
    <ClInclude Include="StageSelectManagerComponent.h" />
    <ClInclude Include="stdafx_u.h" />
    <ClInclude Include="Stick.h" />
    <ClInclude Include="TitleManagerComponent.h" />
    <ClInclude Include="Worker.h" />
    <ClInclude Include="WorkerSpawner.h" />
    <ClInclude Include="MoveRestriction.h" />
  </ItemGroup>
  <ItemGroup>
    <None Include="..\output\UserSample\Debug\Resources\Application\ButiEngine.ini" />
    <None Include="ProtBuf\EngineEditorCommunicate.proto" />
  </ItemGroup>
</Project>